
Microsoft Visual Studio Solution File, Format Version 12.00
# Visual Studio Version 17
VisualStudioVersion = 17.9.34701.34
MinimumVisualStudioVersion = 10.0.40219.1
Project("{FAE04EC0-301F-11D3-BF4B-00C04F79EFBC}") = "EvaExchange", "EvaExchange\EvaExchange.csproj", "{BF7BAC2B-1AD0-49C5-8885-060F92FE12E3}"
EndProject
Global
	GlobalSection(SolutionConfigurationPlatforms) = preSolution
		Debug|Any CPU = Debug|Any CPU
		Release|Any CPU = Release|Any CPU
	EndGlobalSection
	GlobalSection(ProjectConfigurationPlatforms) = postSolution
		{BF7BAC2B-1AD0-49C5-8885-060F92FE12E3}.Debug|Any CPU.ActiveCfg = Debug|Any CPU
		{BF7BAC2B-1AD0-49C5-8885-060F92FE12E3}.Debug|Any CPU.Build.0 = Debug|Any CPU
		{BF7BAC2B-1AD0-49C5-8885-060F92FE12E3}.Release|Any CPU.ActiveCfg = Release|Any CPU
		{BF7BAC2B-1AD0-49C5-8885-060F92FE12E3}.Release|Any CPU.Build.0 = Release|Any CPU
	EndGlobalSection
	GlobalSection(SolutionProperties) = preSolution
		HideSolutionNode = FALSE
	EndGlobalSection
	GlobalSection(ExtensibilityGlobals) = postSolution
		SolutionGuid = {361C6CD5-824D-4EFD-9AEE-C00E40431660}
	EndGlobalSection
EndGlobal
